
Microsoft Visual Studio Solution File, Format Version 12.00
# Visual Studio 14
VisualStudioVersion = 14.0.22823.1
MinimumVisualStudioVersion = 10.0.40219.1
Project("{FAE04EC0-301F-11D3-BF4B-00C04F79EFBC}") = "Facebook", "Facebook\Facebook.csproj", "{8CA595B6-F64E-4E11-8980-B8589371E5B6}"
EndProject
Project("{FAE04EC0-301F-11D3-BF4B-00C04F79EFBC}") = "Facebook.DomainModels", "Facebook.DomainModels\Facebook.DomainModels.csproj", "{F480437D-482F-4FBF-A288-8C7AAE20F842}"
EndProject
Project("{FAE04EC0-301F-11D3-BF4B-00C04F79EFBC}") = "Facebook.RepositoryLayer", "Facebook.RepositoryLayer\Facebook.RepositoryLayer.csproj", "{F4F9F26B-FA49-4577-B0B6-EFDA72647371}"
EndProject
Project("{FAE04EC0-301F-11D3-BF4B-00C04F79EFBC}") = "Facebook.ServiceLayer", "Facebook.ServiceLayer\Facebook.ServiceLayer.csproj", "{D18DE5C9-AF90-44E3-B6A3-8020E16BFF64}"
EndProject
Global
	GlobalSection(SolutionConfigurationPlatforms) = preSolution
		Debug|Any CPU = Debug|Any CPU
		Release|Any CPU = Release|Any CPU
	EndGlobalSection
	GlobalSection(ProjectConfigurationPlatforms) = postSolution
		{8CA595B6-F64E-4E11-8980-B8589371E5B6}.Debug|Any CPU.ActiveCfg = Debug|Any CPU
		{8CA595B6-F64E-4E11-8980-B8589371E5B6}.Debug|Any CPU.Build.0 = Debug|Any CPU
		{8CA595B6-F64E-4E11-8980-B8589371E5B6}.Release|Any CPU.ActiveCfg = Release|Any CPU
		{8CA595B6-F64E-4E11-8980-B8589371E5B6}.Release|Any CPU.Build.0 = Release|Any CPU
		{F480437D-482F-4FBF-A288-8C7AAE20F842}.Debug|Any CPU.ActiveCfg = Debug|Any CPU
		{F480437D-482F-4FBF-A288-8C7AAE20F842}.Debug|Any CPU.Build.0 = Debug|Any CPU
		{F480437D-482F-4FBF-A288-8C7AAE20F842}.Release|Any CPU.ActiveCfg = Release|Any CPU
		{F480437D-482F-4FBF-A288-8C7AAE20F842}.Release|Any CPU.Build.0 = Release|Any CPU
		{F4F9F26B-FA49-4577-B0B6-EFDA72647371}.Debug|Any CPU.ActiveCfg = Debug|Any CPU
		{F4F9F26B-FA49-4577-B0B6-EFDA72647371}.Debug|Any CPU.Build.0 = Debug|Any CPU
		{F4F9F26B-FA49-4577-B0B6-EFDA72647371}.Release|Any CPU.ActiveCfg = Release|Any CPU
		{F4F9F26B-FA49-4577-B0B6-EFDA72647371}.Release|Any CPU.Build.0 = Release|Any CPU
		{D18DE5C9-AF90-44E3-B6A3-8020E16BFF64}.Debug|Any CPU.ActiveCfg = Debug|Any CPU
		{D18DE5C9-AF90-44E3-B6A3-8020E16BFF64}.Debug|Any CPU.Build.0 = Debug|Any CPU
		{D18DE5C9-AF90-44E3-B6A3-8020E16BFF64}.Release|Any CPU.ActiveCfg = Release|Any CPU
		{D18DE5C9-AF90-44E3-B6A3-8020E16BFF64}.Release|Any CPU.Build.0 = Release|Any CPU
	EndGlobalSection
	GlobalSection(SolutionProperties) = preSolution
		HideSolutionNode = FALSE
	EndGlobalSection
EndGlobal
